
Microsoft Visual Studio Solution File, Format Version 12.00
# Visual Studio 2013
VisualStudioVersion = 12.0.31101.0
MinimumVisualStudioVersion = 10.0.40219.1
Project("{FAE04EC0-301F-11D3-BF4B-00C04F79EFBC}") = "OrderSystem", "OrderSystem\OrderSystem.csproj", "{4C78DA88-5B36-41C0-8F3A-FC4FA57D3A06}"
EndProject
Project("{FAE04EC0-301F-11D3-BF4B-00C04F79EFBC}") = "SMS", "SMS\SMS.csproj", "{D8238776-D885-4776-B168-353836912B18}"
EndProject
Project("{FAE04EC0-301F-11D3-BF4B-00C04F79EFBC}") = "Utility", "Utility\Utility.csproj", "{01FE6EEA-9513-415F-8394-E41E0F63DD92}"
EndProject
Global
	GlobalSection(SolutionConfigurationPlatforms) = preSolution
		Debug|Any CPU = Debug|Any CPU
		Release|Any CPU = Release|Any CPU
	EndGlobalSection
	GlobalSection(ProjectConfigurationPlatforms) = postSolution
		{4C78DA88-5B36-41C0-8F3A-FC4FA57D3A06}.Debug|Any CPU.ActiveCfg = Debug|Any CPU
		{4C78DA88-5B36-41C0-8F3A-FC4FA57D3A06}.Debug|Any CPU.Build.0 = Debug|Any CPU
		{4C78DA88-5B36-41C0-8F3A-FC4FA57D3A06}.Release|Any CPU.ActiveCfg = Release|Any CPU
		{4C78DA88-5B36-41C0-8F3A-FC4FA57D3A06}.Release|Any CPU.Build.0 = Release|Any CPU
		{D8238776-D885-4776-B168-353836912B18}.Debug|Any CPU.ActiveCfg = Debug|Any CPU
		{D8238776-D885-4776-B168-353836912B18}.Debug|Any CPU.Build.0 = Debug|Any CPU
		{D8238776-D885-4776-B168-353836912B18}.Release|Any CPU.ActiveCfg = Release|Any CPU
		{D8238776-D885-4776-B168-353836912B18}.Release|Any CPU.Build.0 = Release|Any CPU
		{01FE6EEA-9513-415F-8394-E41E0F63DD92}.Debug|Any CPU.ActiveCfg = Debug|Any CPU
		{01FE6EEA-9513-415F-8394-E41E0F63DD92}.Debug|Any CPU.Build.0 = Debug|Any CPU
		{01FE6EEA-9513-415F-8394-E41E0F63DD92}.Release|Any CPU.ActiveCfg = Release|Any CPU
		{01FE6EEA-9513-415F-8394-E41E0F63DD92}.Release|Any CPU.Build.0 = Release|Any CPU
	EndGlobalSection
	GlobalSection(SolutionProperties) = preSolution
		HideSolutionNode = FALSE
	EndGlobalSection
EndGlobal
